// !$*UTF8*$!
{
	archiveVersion = 1;
	classes = {
	};
	objectVersion = 46;
	objects = {

/* Begin PBXBuildFile section */
		C660836F1A759E38009A0AFC /* main.cpp in Sources */ = {isa = PBXBuildFile; fileRef = C660836E1A759E38009A0AFC /* main.cpp */; };
		C66083771A7702CA009A0AFC /* Graph.cpp in Sources */ = {isa = PBXBuildFile; fileRef = C66083751A7702CA009A0AFC /* Graph.cpp */; };
/* End PBXBuildFile section */

/* Begin PBXCopyFilesBuildPhase section */
		C66083691A759E38009A0AFC /* CopyFiles */ = {
			isa = PBXCopyFilesBuildPhase;
			buildActionMask = 2147483647;
			dstPath = /usr/share/man/man1/;
			dstSubfolderSpec = 0;
			files = (
			);
			runOnlyForDeploymentPostprocessing = 1;
		};
/* End PBXCopyFilesBuildPhase section */

/* Begin PBXFileReference section */
		C660836B1A759E38009A0AFC /* PathFinding */ = {isa = PBXFileReference; explicitFileType = "compiled.mach-o.executable"; includeInIndex = 0; path = PathFinding; sourceTree = BUILT_PRODUCTS_DIR; };
		C660836E1A759E38009A0AFC /* main.cpp */ = {isa = PBXFileReference; lastKnownFileType = sourcecode.cpp.cpp; path = main.cpp; sourceTree = "<group>"; };
		C66083751A7702CA009A0AFC /* Graph.cpp */ = {isa = PBXFileReference; fileEncoding = 4; lastKnownFileType = sourcecode.cpp.cpp; path = Graph.cpp; sourceTree = "<group>"; };
		C66083761A7702CA009A0AFC /* Graph.h */ = {isa = PBXFileReference; fileEncoding = 4; lastKnownFileType = sourcecode.c.h; path = Graph.h; sourceTree = "<group>"; };
		C6A758A11A79AB3A00FCADD9 /* ATM.graph */ = {isa = PBXFileReference; fileEncoding = 4; lastKnownFileType = text; path = ATM.graph; sourceTree = "<group>"; };
/* End PBXFileReference section */

/* Begin PBXFrameworksBuildPhase section */
		C66083681A759E38009A0AFC /* Frameworks */ = {
			isa = PBXFrameworksBuildPhase;
			buildActionMask = 2147483647;
			files = (
			);
			runOnlyForDeploymentPostprocessing = 0;
		};
/* End PBXFrameworksBuildPhase section */

/* Begin PBXGroup section */
		C66083621A759E38009A0AFC = {
			isa = PBXGroup;
			children = (
				C660836D1A759E38009A0AFC /* PathFinding */,
				C660836C1A759E38009A0AFC /* Products */,
			);
			sourceTree = "<group>";
		};
		C660836C1A759E38009A0AFC /* Products */ = {
			isa = PBXGroup;
			children = (
				C660836B1A759E38009A0AFC /* PathFinding */,
			);
			name = Products;
			sourceTree = "<group>";
		};
		C660836D1A759E38009A0AFC /* PathFinding */ = {
			isa = PBXGroup;
			children = (
				C6A758A11A79AB3A00FCADD9 /* ATM.graph */,
				C660836E1A759E38009A0AFC /* main.cpp */,
				C66083751A7702CA009A0AFC /* Graph.cpp */,
				C66083761A7702CA009A0AFC /* Graph.h */,
			);
			path = PathFinding;
			sourceTree = "<group>";
		};
/* End PBXGroup section */

/* Begin PBXNativeTarget section */
		C660836A1A759E38009A0AFC /* PathFinding */ = {
			isa = PBXNativeTarget;
			buildConfigurationList = C66083721A759E38009A0AFC /* Build configuration list for PBXNativeTarget "PathFinding" */;
			buildPhases = (
				C66083671A759E38009A0AFC /* Sources */,
				C66083681A759E38009A0AFC /* Frameworks */,
				C66083691A759E38009A0AFC /* CopyFiles */,
			);
			buildRules = (
			);
			dependencies = (
			);
			name = PathFinding;
			productName = PathFinding;
			productReference = C660836B1A759E38009A0AFC /* PathFinding */;
			productType = "com.apple.product-type.tool";
		};
/* End PBXNativeTarget section */

/* Begin PBXProject section */
		C66083631A759E38009A0AFC /* Project object */ = {
			isa = PBXProject;
			attributes = {
				LastUpgradeCheck = 0610;
				ORGANIZATIONNAME = "You Wu";
				TargetAttributes = {
					C660836A1A759E38009A0AFC = {
						CreatedOnToolsVersion = 6.1.1;
					};
				};
			};
			buildConfigurationList = C66083661A759E38009A0AFC /* Build configuration list for PBXProject "PathFinding" */;
			compatibilityVersion = "Xcode 3.2";
			developmentRegion = English;
			hasScannedForEncodings = 0;
			knownRegions = (
				en,
			);
			mainGroup = C66083621A759E38009A0AFC;
			productRefGroup = C660836C1A759E38009A0AFC /* Products */;
			projectDirPath = "";
			projectRoot = "";
			targets = (
				C660836A1A759E38009A0AFC /* PathFinding */,
			);
		};
/* End PBXProject section */

/* Begin PBXSourcesBuildPhase section */
		C66083671A759E38009A0AFC /* Sources */ = {
			isa = PBXSourcesBuildPhase;
			buildActionMask = 2147483647;
			files = (
				C66083771A7702CA009A0AFC /* Graph.cpp in Sources */,
				C660836F1A759E38009A0AFC /* main.cpp in Sources */,
			);
			runOnlyForDeploymentPostprocessing = 0;
		};
/* End PBXSourcesBuildPhase section */

/* Begin XCBuildConfiguration section */
		C66083701A759E38009A0AFC /* Debug */ = {
			isa = XCBuildConfiguration;
			buildSettings = {
				ALWAYS_SEARCH_USER_PATHS = NO;
				CLANG_CXX_LANGUAGE_STANDARD = "gnu++0x";
				CLANG_CXX_LIBRARY = "libc++";
				CLANG_ENABLE_MODULES = YES;
				CLANG_ENABLE_OBJC_ARC = YES;
				CLANG_WARN_BOOL_CONVERSION = YES;
				CLANG_WARN_CONSTANT_CONVERSION = YES;
				CLANG_WARN_DIRECT_OBJC_ISA_USAGE = YES_ERROR;
				CLANG_WARN_EMPTY_BODY = YES;
				CLANG_WARN_ENUM_CONVERSION = YES;
				CLANG_WARN_INT_CONVERSION = YES;
				CLANG_WARN_OBJC_ROOT_CLASS = YES_ERROR;
				CLANG_WARN_UNREACHABLE_CODE = YES;
				CLANG_WARN__DUPLICATE_METHOD_MATCH = YES;
				COPY_PHASE_STRIP = NO;
				ENABLE_STRICT_OBJC_MSGSEND = YES;
				GCC_C_LANGUAGE_STANDARD = gnu99;
				GCC_DYNAMIC_NO_PIC = NO;
				GCC_OPTIMIZATION_LEVEL = 0;
				GCC_PREPROCESSOR_DEFINITIONS = (
					"DEBUG=1",
					"$(inherited)",
				);
				GCC_SYMBOLS_PRIVATE_EXTERN = NO;
				GCC_WARN_64_TO_32_BIT_CONVERSION = YES;
				GCC_WARN_ABOUT_RETURN_TYPE = YES_ERROR;
				GCC_WARN_UNDECLARED_SELECTOR = YES;
				GCC_WARN_UNINITIALIZED_AUTOS = YES_AGGRESSIVE;
				GCC_WARN_UNUSED_FUNCTION = YES;
				GCC_WARN_UNUSED_VARIABLE = YES;
				MACOSX_DEPLOYMENT_TARGET = 10.9;
				MTL_ENABLE_DEBUG_INFO = YES;
				ONLY_ACTIVE_ARCH = YES;
				SDKROOT = macosx;
			};
			name = Debug;
		};
		C66083711A759E38009A0AFC /* Release */ = {
			isa = XCBuildConfiguration;
			buildSettings = {
				ALWAYS_SEARCH_USER_PATHS = NO;
				CLANG_CXX_LANGUAGE_STANDARD = "gnu++0x";
				CLANG_CXX_LIBRARY = "libc++";
				CLANG_ENABLE_MODULES = YES;
				CLANG_ENABLE_OBJC_ARC = YES;
				CLANG_WARN_BOOL_CONVERSION = YES;
				CLANG_WARN_CONSTANT_CONVERSION = YES;
				CLANG_WARN_DIRECT_OBJC_ISA_USAGE = YES_ERROR;
				CLANG_WARN_EMPTY_BODY = YES;
				CLANG_WARN_ENUM_CONVERSION = YES;
				CLANG_WARN_INT_CONVERSION = YES;
				CLANG_WARN_OBJC_ROOT_CLASS = YES_ERROR;
				CLANG_WARN_UNREACHABLE_CODE = YES;
				CLANG_WARN__DUPLICATE_METHOD_MATCH = YES;
				COPY_PHASE_STRIP = YES;
				DEBUG_INFORMATION_FORMAT = "dwarf-with-dsym";
				ENABLE_NS_ASSERTIONS = NO;
				ENABLE_STRICT_OBJC_MSGSEND = YES;
				GCC_C_LANGUAGE_STANDARD = gnu99;
				GCC_WARN_64_TO_32_BIT_CONVERSION = YES;
				GCC_WARN_ABOUT_RETURN_TYPE = YES_ERROR;
				GCC_WARN_UNDECLARED_SELECTOR = YES;
				GCC_WARN_UNINITIALIZED_AUTOS = YES_AGGRESSIVE;
				GCC_WARN_UNUSED_FUNCTION = YES;
				GCC_WARN_UNUSED_VARIABLE = YES;
				MACOSX_DEPLOYMENT_TARGET = 10.9;
				MTL_ENABLE_DEBUG_INFO = NO;
				SDKROOT = macosx;
			};
			name = Release;
		};
		C66083731A759E38009A0AFC /* Debug */ = {
			isa = XCBuildConfiguration;
			buildSettings = {
				PRODUCT_NAME = "$(TARGET_NAME)";
			};
			name = Debug;
		};
		C66083741A759E38009A0AFC /* Release */ = {
			isa = XCBuildConfiguration;
			buildSettings = {
				PRODUCT_NAME = "$(TARGET_NAME)";
			};
			name = Release;
		};
/* End XCBuildConfiguration section */

/* Begin XCConfigurationList section */
		C66083661A759E38009A0AFC /* Build configuration list for PBXProject "PathFinding" */ = {
			isa = XCConfigurationList;
			buildConfigurations = (
				C66083701A759E38009A0AFC /* Debug */,
				C66083711A759E38009A0AFC /* Release */,
			);
			defaultConfigurationIsVisible = 0;
			defaultConfigurationName = Release;
		};
		C66083721A759E38009A0AFC /* Build configuration list for PBXNativeTarget "PathFinding" */ = {
			isa = XCConfigurationList;
			buildConfigurations = (
				C66083731A759E38009A0AFC /* Debug */,
				C66083741A759E38009A0AFC /* Release */,
			);
			defaultConfigurationIsVisible = 0;
			defaultConfigurationName = Release;
		};
/* End XCConfigurationList section */
	};
	rootObject = C66083631A759E38009A0AFC /* Project object */;
}
